// !$*UTF8*$!
{
	archiveVersion = 1;
	classes = {
	};
	objectVersion = 55;
	objects = {

/* Begin PBXBuildFile section */
		266DBE60289D139900E3DB3C /* AppDelegate.swift in Sources */ = {isa = PBXBuildFile; fileRef = 266DBE5F289D139900E3DB3C /* AppDelegate.swift */; };
		266DBE62289D139900E3DB3C /* SceneDelegate.swift in Sources */ = {isa = PBXBuildFile; fileRef = 266DBE61289D139900E3DB3C /* SceneDelegate.swift */; };
		266DBE64289D139900E3DB3C /* ViewController.swift in Sources */ = {isa = PBXBuildFile; fileRef = 266DBE63289D139900E3DB3C /* ViewController.swift */; };
		266DBE67289D139900E3DB3C /* Main.storyboard in Resources */ = {isa = PBXBuildFile; fileRef = 266DBE65289D139900E3DB3C /* Main.storyboard */; };
		266DBE69289D139A00E3DB3C /* Assets.xcassets in Resources */ = {isa = PBXBuildFile; fileRef = 266DBE68289D139A00E3DB3C /* Assets.xcassets */; };
		266DBE6C289D139A00E3DB3C /* LaunchScreen.storyboard in Resources */ = {isa = PBXBuildFile; fileRef = 266DBE6A289D139A00E3DB3C /* LaunchScreen.storyboard */; };
		266DBE77289D139A00E3DB3C /* codepath_preworkTests.swift in Sources */ = {isa = PBXBuildFile; fileRef = 266DBE76289D139A00E3DB3C /* codepath_preworkTests.swift */; };
		266DBE81289D139A00E3DB3C /* codepath_preworkUITests.swift in Sources */ = {isa = PBXBuildFile; fileRef = 266DBE80289D139A00E3DB3C /* codepath_preworkUITests.swift */; };
		266DBE83289D139A00E3DB3C /* codepath_preworkUITestsLaunchTests.swift in Sources */ = {isa = PBXBuildFile; fileRef = 266DBE82289D139A00E3DB3C /* codepath_preworkUITestsLaunchTests.swift */; };
/* End PBXBuildFile section */

/* Begin PBXContainerItemProxy section */
		266DBE73289D139A00E3DB3C /* PBXContainerItemProxy */ = {
			isa = PBXContainerItemProxy;
			containerPortal = 266DBE54289D139900E3DB3C /* Project object */;
			proxyType = 1;
			remoteGlobalIDString = 266DBE5B289D139900E3DB3C;
			remoteInfo = "codepath-prework";
		};
		266DBE7D289D139A00E3DB3C /* PBXContainerItemProxy */ = {
			isa = PBXContainerItemProxy;
			containerPortal = 266DBE54289D139900E3DB3C /* Project object */;
			proxyType = 1;
			remoteGlobalIDString = 266DBE5B289D139900E3DB3C;
			remoteInfo = "codepath-prework";
		};
/* End PBXContainerItemProxy section */

/* Begin PBXFileReference section */
		266DBE5C289D139900E3DB3C /* codepath-prework.app */ = {isa = PBXFileReference; explicitFileType = wrapper.application; includeInIndex = 0; path = "codepath-prework.app"; sourceTree = BUILT_PRODUCTS_DIR; };
		266DBE5F289D139900E3DB3C /* AppDelegate.swift */ = {isa = PBXFileReference; lastKnownFileType = sourcecode.swift; path = AppDelegate.swift; sourceTree = "<group>"; };
		266DBE61289D139900E3DB3C /* SceneDelegate.swift */ = {isa = PBXFileReference; lastKnownFileType = sourcecode.swift; path = SceneDelegate.swift; sourceTree = "<group>"; };
		266DBE63289D139900E3DB3C /* ViewController.swift */ = {isa = PBXFileReference; lastKnownFileType = sourcecode.swift; path = ViewController.swift; sourceTree = "<group>"; };
		266DBE66289D139900E3DB3C /* Base */ = {isa = PBXFileReference; lastKnownFileType = file.storyboard; name = Base; path = Base.lproj/Main.storyboard; sourceTree = "<group>"; };
		266DBE68289D139A00E3DB3C /* Assets.xcassets */ = {isa = PBXFileReference; lastKnownFileType = folder.assetcatalog; path = Assets.xcassets; sourceTree = "<group>"; };
		266DBE6B289D139A00E3DB3C /* Base */ = {isa = PBXFileReference; lastKnownFileType = file.storyboard; name = Base; path = Base.lproj/LaunchScreen.storyboard; sourceTree = "<group>"; };
		266DBE6D289D139A00E3DB3C /* Info.plist */ = {isa = PBXFileReference; lastKnownFileType = text.plist.xml; path = Info.plist; sourceTree = "<group>"; };
		266DBE72289D139A00E3DB3C /* codepath-preworkTests.xctest */ = {isa = PBXFileReference; explicitFileType = wrapper.cfbundle; includeInIndex = 0; path = "codepath-preworkTests.xctest"; sourceTree = BUILT_PRODUCTS_DIR; };
		266DBE76289D139A00E3DB3C /* codepath_preworkTests.swift */ = {isa = PBXFileReference; lastKnownFileType = sourcecode.swift; path = codepath_preworkTests.swift; sourceTree = "<group>"; };
		266DBE7C289D139A00E3DB3C /* codepath-preworkUITests.xctest */ = {isa = PBXFileReference; explicitFileType = wrapper.cfbundle; includeInIndex = 0; path = "codepath-preworkUITests.xctest"; sourceTree = BUILT_PRODUCTS_DIR; };
		266DBE80289D139A00E3DB3C /* codepath_preworkUITests.swift */ = {isa = PBXFileReference; lastKnownFileType = sourcecode.swift; path = codepath_preworkUITests.swift; sourceTree = "<group>"; };
		266DBE82289D139A00E3DB3C /* codepath_preworkUITestsLaunchTests.swift */ = {isa = PBXFileReference; lastKnownFileType = sourcecode.swift; path = codepath_preworkUITestsLaunchTests.swift; sourceTree = "<group>"; };
/* End PBXFileReference section */

/* Begin PBXFrameworksBuildPhase section */
		266DBE59289D139900E3DB3C /* Frameworks */ = {
			isa = PBXFrameworksBuildPhase;
			buildActionMask = 2147483647;
			files = (
			);
			runOnlyForDeploymentPostprocessing = 0;
		};
		266DBE6F289D139A00E3DB3C /* Frameworks */ = {
			isa = PBXFrameworksBuildPhase;
			buildActionMask = 2147483647;
			files = (
			);
			runOnlyForDeploymentPostprocessing = 0;
		};
		266DBE79289D139A00E3DB3C /* Frameworks */ = {
			isa = PBXFrameworksBuildPhase;
			buildActionMask = 2147483647;
			files = (
			);
			runOnlyForDeploymentPostprocessing = 0;
		};
/* End PBXFrameworksBuildPhase section */

/* Begin PBXGroup section */
		266DBE53289D139900E3DB3C = {
			isa = PBXGroup;
			children = (
				266DBE5E289D139900E3DB3C /* codepath-prework */,
				266DBE75289D139A00E3DB3C /* codepath-preworkTests */,
				266DBE7F289D139A00E3DB3C /* codepath-preworkUITests */,
				266DBE5D289D139900E3DB3C /* Products */,
			);
			sourceTree = "<group>";
		};
		266DBE5D289D139900E3DB3C /* Products */ = {
			isa = PBXGroup;
			children = (
				266DBE5C289D139900E3DB3C /* codepath-prework.app */,
				266DBE72289D139A00E3DB3C /* codepath-preworkTests.xctest */,
				266DBE7C289D139A00E3DB3C /* codepath-preworkUITests.xctest */,
			);
			name = Products;
			sourceTree = "<group>";
		};
		266DBE5E289D139900E3DB3C /* codepath-prework */ = {
			isa = PBXGroup;
			children = (
				266DBE5F289D139900E3DB3C /* AppDelegate.swift */,
				266DBE61289D139900E3DB3C /* SceneDelegate.swift */,
				266DBE63289D139900E3DB3C /* ViewController.swift */,
				266DBE65289D139900E3DB3C /* Main.storyboard */,
				266DBE68289D139A00E3DB3C /* Assets.xcassets */,
				266DBE6A289D139A00E3DB3C /* LaunchScreen.storyboard */,
				266DBE6D289D139A00E3DB3C /* Info.plist */,
			);
			path = "codepath-prework";
			sourceTree = "<group>";
		};
		266DBE75289D139A00E3DB3C /* codepath-preworkTests */ = {
			isa = PBXGroup;
			children = (
				266DBE76289D139A00E3DB3C /* codepath_preworkTests.swift */,
			);
			path = "codepath-preworkTests";
			sourceTree = "<group>";
		};
		266DBE7F289D139A00E3DB3C /* codepath-preworkUITests */ = {
			isa = PBXGroup;
			children = (
				266DBE80289D139A00E3DB3C /* codepath_preworkUITests.swift */,
				266DBE82289D139A00E3DB3C /* codepath_preworkUITestsLaunchTests.swift */,
			);
			path = "codepath-preworkUITests";
			sourceTree = "<group>";
		};
/* End PBXGroup section */

/* Begin PBXNativeTarget section */
		266DBE5B289D139900E3DB3C /* codepath-prework */ = {
			isa = PBXNativeTarget;
			buildConfigurationList = 266DBE86289D139A00E3DB3C /* Build configuration list for PBXNativeTarget "codepath-prework" */;
			buildPhases = (
				266DBE58289D139900E3DB3C /* Sources */,
				266DBE59289D139900E3DB3C /* Frameworks */,
				266DBE5A289D139900E3DB3C /* Resources */,
			);
			buildRules = (
			);
			dependencies = (
			);
			name = "codepath-prework";
			productName = "codepath-prework";
			productReference = 266DBE5C289D139900E3DB3C /* codepath-prework.app */;
			productType = "com.apple.product-type.application";
		};
		266DBE71289D139A00E3DB3C /* codepath-preworkTests */ = {
			isa = PBXNativeTarget;
			buildConfigurationList = 266DBE89289D139A00E3DB3C /* Build configuration list for PBXNativeTarget "codepath-preworkTests" */;
			buildPhases = (
				266DBE6E289D139A00E3DB3C /* Sources */,
				266DBE6F289D139A00E3DB3C /* Frameworks */,
				266DBE70289D139A00E3DB3C /* Resources */,
			);
			buildRules = (
			);
			dependencies = (
				266DBE74289D139A00E3DB3C /* PBXTargetDependency */,
			);
			name = "codepath-preworkTests";
			productName = "codepath-preworkTests";
			productReference = 266DBE72289D139A00E3DB3C /* codepath-preworkTests.xctest */;
			productType = "com.apple.product-type.bundle.unit-test";
		};
		266DBE7B289D139A00E3DB3C /* codepath-preworkUITests */ = {
			isa = PBXNativeTarget;
			buildConfigurationList = 266DBE8C289D139A00E3DB3C /* Build configuration list for PBXNativeTarget "codepath-preworkUITests" */;
			buildPhases = (
				266DBE78289D139A00E3DB3C /* Sources */,
				266DBE79289D139A00E3DB3C /* Frameworks */,
				266DBE7A289D139A00E3DB3C /* Resources */,
			);
			buildRules = (
			);
			dependencies = (
				266DBE7E289D139A00E3DB3C /* PBXTargetDependency */,
			);
			name = "codepath-preworkUITests";
			productName = "codepath-preworkUITests";
			productReference = 266DBE7C289D139A00E3DB3C /* codepath-preworkUITests.xctest */;
			productType = "com.apple.product-type.bundle.ui-testing";
		};
/* End PBXNativeTarget section */

/* Begin PBXProject section */
		266DBE54289D139900E3DB3C /* Project object */ = {
			isa = PBXProject;
			attributes = {
				BuildIndependentTargetsInParallel = 1;
				LastSwiftUpdateCheck = 1340;
				LastUpgradeCheck = 1340;
				TargetAttributes = {
					266DBE5B289D139900E3DB3C = {
						CreatedOnToolsVersion = 13.4.1;
					};
					266DBE71289D139A00E3DB3C = {
						CreatedOnToolsVersion = 13.4.1;
						TestTargetID = 266DBE5B289D139900E3DB3C;
					};
					266DBE7B289D139A00E3DB3C = {
						CreatedOnToolsVersion = 13.4.1;
						TestTargetID = 266DBE5B289D139900E3DB3C;
					};
				};
			};
			buildConfigurationList = 266DBE57289D139900E3DB3C /* Build configuration list for PBXProject "codepath-prework" */;
			compatibilityVersion = "Xcode 13.0";
			developmentRegion = en;
			hasScannedForEncodings = 0;
			knownRegions = (
				en,
				Base,
			);
			mainGroup = 266DBE53289D139900E3DB3C;
			productRefGroup = 266DBE5D289D139900E3DB3C /* Products */;
			projectDirPath = "";
			projectRoot = "";
			targets = (
				266DBE5B289D139900E3DB3C /* codepath-prework */,
				266DBE71289D139A00E3DB3C /* codepath-preworkTests */,
				266DBE7B289D139A00E3DB3C /* codepath-preworkUITests */,
			);
		};
/* End PBXProject section */

/* Begin PBXResourcesBuildPhase section */
		266DBE5A289D139900E3DB3C /* Resources */ = {
			isa = PBXResourcesBuildPhase;
			buildActionMask = 2147483647;
			files = (
				266DBE6C289D139A00E3DB3C /* LaunchScreen.storyboard in Resources */,
				266DBE69289D139A00E3DB3C /* Assets.xcassets in Resources */,
				266DBE67289D139900E3DB3C /* Main.storyboard in Resources */,
			);
			runOnlyForDeploymentPostprocessing = 0;
		};
		266DBE70289D139A00E3DB3C /* Resources */ = {
			isa = PBXResourcesBuildPhase;
			buildActionMask = 2147483647;
			files = (
			);
			runOnlyForDeploymentPostprocessing = 0;
		};
		266DBE7A289D139A00E3DB3C /* Resources */ = {
			isa = PBXResourcesBuildPhase;
			buildActionMask = 2147483647;
			files = (
			);
			runOnlyForDeploymentPostprocessing = 0;
		};
/* End PBXResourcesBuildPhase section */

/* Begin PBXSourcesBuildPhase section */
		266DBE58289D139900E3DB3C /* Sources */ = {
			isa = PBXSourcesBuildPhase;
			buildActionMask = 2147483647;
			files = (
				266DBE64289D139900E3DB3C /* ViewController.swift in Sources */,
				266DBE60289D139900E3DB3C /* AppDelegate.swift in Sources */,
				266DBE62289D139900E3DB3C /* SceneDelegate.swift in Sources */,
			);
			runOnlyForDeploymentPostprocessing = 0;
		};
		266DBE6E289D139A00E3DB3C /* Sources */ = {
			isa = PBXSourcesBuildPhase;
			buildActionMask = 2147483647;
			files = (
				266DBE77289D139A00E3DB3C /* codepath_preworkTests.swift in Sources */,
			);
			runOnlyForDeploymentPostprocessing = 0;
		};
		266DBE78289D139A00E3DB3C /* Sources */ = {
			isa = PBXSourcesBuildPhase;
			buildActionMask = 2147483647;
			files = (
				266DBE81289D139A00E3DB3C /* codepath_preworkUITests.swift in Sources */,
				266DBE83289D139A00E3DB3C /* codepath_preworkUITestsLaunchTests.swift in Sources */,
			);
			runOnlyForDeploymentPostprocessing = 0;
		};
/* End PBXSourcesBuildPhase section */

/* Begin PBXTargetDependency section */
		266DBE74289D139A00E3DB3C /* PBXTargetDependency */ = {
			isa = PBXTargetDependency;
			target = 266DBE5B289D139900E3DB3C /* codepath-prework */;
			targetProxy = 266DBE73289D139A00E3DB3C /* PBXContainerItemProxy */;
		};
		266DBE7E289D139A00E3DB3C /* PBXTargetDependency */ = {
			isa = PBXTargetDependency;
			target = 266DBE5B289D139900E3DB3C /* codepath-prework */;
			targetProxy = 266DBE7D289D139A00E3DB3C /* PBXContainerItemProxy */;
		};
/* End PBXTargetDependency section */

/* Begin PBXVariantGroup section */
		266DBE65289D139900E3DB3C /* Main.storyboard */ = {
			isa = PBXVariantGroup;
			children = (
				266DBE66289D139900E3DB3C /* Base */,
			);
			name = Main.storyboard;
			sourceTree = "<group>";
		};
		266DBE6A289D139A00E3DB3C /* LaunchScreen.storyboard */ = {
			isa = PBXVariantGroup;
			children = (
				266DBE6B289D139A00E3DB3C /* Base */,
			);
			name = LaunchScreen.storyboard;
			sourceTree = "<group>";
		};
/* End PBXVariantGroup section */

/* Begin XCBuildConfiguration section */
		266DBE84289D139A00E3DB3C /* Debug */ = {
			isa = XCBuildConfiguration;
			buildSettings = {
				ALWAYS_SEARCH_USER_PATHS = NO;
				CLANG_ANALYZER_NONNULL = YES;
				CLANG_ANALYZER_NUMBER_OBJECT_CONVERSION = YES_AGGRESSIVE;
				CLANG_CXX_LANGUAGE_STANDARD = "gnu++17";
				CLANG_ENABLE_MODULES = YES;
				CLANG_ENABLE_OBJC_ARC = YES;
				CLANG_ENABLE_OBJC_WEAK = YES;
				CLANG_WARN_BLOCK_CAPTURE_AUTORELEASING = YES;
				CLANG_WARN_BOOL_CONVERSION = YES;
				CLANG_WARN_COMMA = YES;
				CLANG_WARN_CONSTANT_CONVERSION = YES;
				CLANG_WARN_DEPRECATED_OBJC_IMPLEMENTATIONS = YES;
				CLANG_WARN_DIRECT_OBJC_ISA_USAGE = YES_ERROR;
				CLANG_WARN_DOCUMENTATION_COMMENTS = YES;
				CLANG_WARN_EMPTY_BODY = YES;
				CLANG_WARN_ENUM_CONVERSION = YES;
				CLANG_WARN_INFINITE_RECURSION = YES;
				CLANG_WARN_INT_CONVERSION = YES;
				CLANG_WARN_NON_LITERAL_NULL_CONVERSION = YES;
				CLANG_WARN_OBJC_IMPLICIT_RETAIN_SELF = YES;
				CLANG_WARN_OBJC_LITERAL_CONVERSION = YES;
				CLANG_WARN_OBJC_ROOT_CLASS = YES_ERROR;
				CLANG_WARN_QUOTED_INCLUDE_IN_FRAMEWORK_HEADER = YES;
				CLANG_WARN_RANGE_LOOP_ANALYSIS = YES;
				CLANG_WARN_STRICT_PROTOTYPES = YES;
				CLANG_WARN_SUSPICIOUS_MOVE = YES;
				CLANG_WARN_UNGUARDED_AVAILABILITY = YES_AGGRESSIVE;
				CLANG_WARN_UNREACHABLE_CODE = YES;
				CLANG_WARN__DUPLICATE_METHOD_MATCH = YES;
				COPY_PHASE_STRIP = NO;
				DEBUG_INFORMATION_FORMAT = dwarf;
				ENABLE_STRICT_OBJC_MSGSEND = YES;
				ENABLE_TESTABILITY = YES;
				GCC_C_LANGUAGE_STANDARD = gnu11;
				GCC_DYNAMIC_NO_PIC = NO;
				GCC_NO_COMMON_BLOCKS = YES;
				GCC_OPTIMIZATION_LEVEL = 0;
				GCC_PREPROCESSOR_DEFINITIONS = (
					"DEBUG=1",
					"$(inherited)",
				);
				GCC_WARN_64_TO_32_BIT_CONVERSION = YES;
				GCC_WARN_ABOUT_RETURN_TYPE = YES_ERROR;
				GCC_WARN_UNDECLARED_SELECTOR = YES;
				GCC_WARN_UNINITIALIZED_AUTOS = YES_AGGRESSIVE;
				GCC_WARN_UNUSED_FUNCTION = YES;
				GCC_WARN_UNUSED_VARIABLE = YES;
				IPHONEOS_DEPLOYMENT_TARGET = 15.5;
				MTL_ENABLE_DEBUG_INFO = INCLUDE_SOURCE;
				MTL_FAST_MATH = YES;
				ONLY_ACTIVE_ARCH = YES;
				SDKROOT = iphoneos;
				SWIFT_ACTIVE_COMPILATION_CONDITIONS = DEBUG;
				SWIFT_OPTIMIZATION_LEVEL = "-Onone";
			};
			name = Debug;
		};
		266DBE85289D139A00E3DB3C /* Release */ = {
			isa = XCBuildConfiguration;
			buildSettings = {
				ALWAYS_SEARCH_USER_PATHS = NO;
				CLANG_ANALYZER_NONNULL = YES;
				CLANG_ANALYZER_NUMBER_OBJECT_CONVERSION = YES_AGGRESSIVE;
				CLANG_CXX_LANGUAGE_STANDARD = "gnu++17";
				CLANG_ENABLE_MODULES = YES;
				CLANG_ENABLE_OBJC_ARC = YES;
				CLANG_ENABLE_OBJC_WEAK = YES;
				CLANG_WARN_BLOCK_CAPTURE_AUTORELEASING = YES;
				CLANG_WARN_BOOL_CONVERSION = YES;
				CLANG_WARN_COMMA = YES;
				CLANG_WARN_CONSTANT_CONVERSION = YES;
				CLANG_WARN_DEPRECATED_OBJC_IMPLEMENTATIONS = YES;
				CLANG_WARN_DIRECT_OBJC_ISA_USAGE = YES_ERROR;
				CLANG_WARN_DOCUMENTATION_COMMENTS = YES;
				CLANG_WARN_EMPTY_BODY = YES;
				CLANG_WARN_ENUM_CONVERSION = YES;
				CLANG_WARN_INFINITE_RECURSION = YES;
				CLANG_WARN_INT_CONVERSION = YES;
				CLANG_WARN_NON_LITERAL_NULL_CONVERSION = YES;
				CLANG_WARN_OBJC_IMPLICIT_RETAIN_SELF = YES;
				CLANG_WARN_OBJC_LITERAL_CONVERSION = YES;
				CLANG_WARN_OBJC_ROOT_CLASS = YES_ERROR;
				CLANG_WARN_QUOTED_INCLUDE_IN_FRAMEWORK_HEADER = YES;
				CLANG_WARN_RANGE_LOOP_ANALYSIS = YES;
				CLANG_WARN_STRICT_PROTOTYPES = YES;
				CLANG_WARN_SUSPICIOUS_MOVE = YES;
				CLANG_WARN_UNGUARDED_AVAILABILITY = YES_AGGRESSIVE;
				CLANG_WARN_UNREACHABLE_CODE = YES;
				CLANG_WARN__DUPLICATE_METHOD_MATCH = YES;
				COPY_PHASE_STRIP = NO;
				DEBUG_INFORMATION_FORMAT = "dwarf-with-dsym";
				ENABLE_NS_ASSERTIONS = NO;
				ENABLE_STRICT_OBJC_MSGSEND = YES;
				GCC_C_LANGUAGE_STANDARD = gnu11;
				GCC_NO_COMMON_BLOCKS = YES;
				GCC_WARN_64_TO_32_BIT_CONVERSION = YES;
				GCC_WARN_ABOUT_RETURN_TYPE = YES_ERROR;
				GCC_WARN_UNDECLARED_SELECTOR = YES;
				GCC_WARN_UNINITIALIZED_AUTOS = YES_AGGRESSIVE;
				GCC_WARN_UNUSED_FUNCTION = YES;
				GCC_WARN_UNUSED_VARIABLE = YES;
				IPHONEOS_DEPLOYMENT_TARGET = 15.5;
				MTL_ENABLE_DEBUG_INFO = NO;
				MTL_FAST_MATH = YES;
				SDKROOT = iphoneos;
				SWIFT_COMPILATION_MODE = wholemodule;
				SWIFT_OPTIMIZATION_LEVEL = "-O";
				VALIDATE_PRODUCT = YES;
			};
			name = Release;
		};
		266DBE87289D139A00E3DB3C /* Debug */ = {
			isa = XCBuildConfiguration;
			buildSettings = {
				ASSETCATALOG_COMPILER_APPICON_NAME = AppIcon;
				ASSETCATALOG_COMPILER_GLOBAL_ACCENT_COLOR_NAME = AccentColor;
				CODE_SIGN_STYLE = Automatic;
				CURRENT_PROJECT_VERSION = 1;
				GENERATE_INFOPLIST_FILE = YES;
				INFOPLIST_FILE = "codepath-prework/Info.plist";
				INFOPLIST_KEY_UIApplicationSupportsIndirectInputEvents = YES;
				INFOPLIST_KEY_UILaunchStoryboardName = LaunchScreen;
				INFOPLIST_KEY_UIMainStoryboardFile = Main;
				INFOPLIST_KEY_UISupportedInterfaceOrientations_iPad = "UIInterfaceOrientationPortrait UIInterfaceOrientationPortraitUpsideDown UIInterfaceOrientationLandscapeLeft UIInterfaceOrientationLandscapeRight";
				INFOPLIST_KEY_UISupportedInterfaceOrientations_iPhone = "UIInterfaceOrientationPortrait UIInterfaceOrientationLandscapeLeft UIInterfaceOrientationLandscapeRight";
				LD_RUNPATH_SEARCH_PATHS = (
					"$(inherited)",
					"@executable_path/Frameworks",
				);
				MARKETING_VERSION = 1.0;
				PRODUCT_BUNDLE_IDENTIFIER = "codepath.codepath-prework";
				PRODUCT_NAME = "$(TARGET_NAME)";
				SWIFT_EMIT_LOC_STRINGS = YES;
				SWIFT_VERSION = 5.0;
				TARGETED_DEVICE_FAMILY = "1,2";
			};
			name = Debug;
		};
		266DBE88289D139A00E3DB3C /* Release */ = {
			isa = XCBuildConfiguration;
			buildSettings = {
				ASSETCATALOG_COMPILER_APPICON_NAME = AppIcon;
				ASSETCATALOG_COMPILER_GLOBAL_ACCENT_COLOR_NAME = AccentColor;
				CODE_SIGN_STYLE = Automatic;
				CURRENT_PROJECT_VERSION = 1;
				GENERATE_INFOPLIST_FILE = YES;
				INFOPLIST_FILE = "codepath-prework/Info.plist";
				INFOPLIST_KEY_UIApplicationSupportsIndirectInputEvents = YES;
				INFOPLIST_KEY_UILaunchStoryboardName = LaunchScreen;
				INFOPLIST_KEY_UIMainStoryboardFile = Main;
				INFOPLIST_KEY_UISupportedInterfaceOrientations_iPad = "UIInterfaceOrientationPortrait UIInterfaceOrientationPortraitUpsideDown UIInterfaceOrientationLandscapeLeft UIInterfaceOrientationLandscapeRight";
				INFOPLIST_KEY_UISupportedInterfaceOrientations_iPhone = "UIInterfaceOrientationPortrait UIInterfaceOrientationLandscapeLeft UIInterfaceOrientationLandscapeRight";
				LD_RUNPATH_SEARCH_PATHS = (
					"$(inherited)",
					"@executable_path/Frameworks",
				);
				MARKETING_VERSION = 1.0;
				PRODUCT_BUNDLE_IDENTIFIER = "codepath.codepath-prework";
				PRODUCT_NAME = "$(TARGET_NAME)";
				SWIFT_EMIT_LOC_STRINGS = YES;
				SWIFT_VERSION = 5.0;
				TARGETED_DEVICE_FAMILY = "1,2";
			};
			name = Release;
		};
		266DBE8A289D139A00E3DB3C /* Debug */ = {
			isa = XCBuildConfiguration;
			buildSettings = {
				ALWAYS_EMBED_SWIFT_STANDARD_LIBRARIES = YES;
				BUNDLE_LOADER = "$(TEST_HOST)";
				CODE_SIGN_STYLE = Automatic;
				CURRENT_PROJECT_VERSION = 1;
				GENERATE_INFOPLIST_FILE = YES;
				IPHONEOS_DEPLOYMENT_TARGET = 15.5;
				MARKETING_VERSION = 1.0;
				PRODUCT_BUNDLE_IDENTIFIER = "codepath.codepath-preworkTests";
				PRODUCT_NAME = "$(TARGET_NAME)";
				SWIFT_EMIT_LOC_STRINGS = NO;
				SWIFT_VERSION = 5.0;
				TARGETED_DEVICE_FAMILY = "1,2";
				TEST_HOST = "$(BUILT_PRODUCTS_DIR)/codepath-prework.app/codepath-prework";
			};
			name = Debug;
		};
		266DBE8B289D139A00E3DB3C /* Release */ = {
			isa = XCBuildConfiguration;
			buildSettings = {
				ALWAYS_EMBED_SWIFT_STANDARD_LIBRARIES = YES;
				BUNDLE_LOADER = "$(TEST_HOST)";
				CODE_SIGN_STYLE = Automatic;
				CURRENT_PROJECT_VERSION = 1;
				GENERATE_INFOPLIST_FILE = YES;
				IPHONEOS_DEPLOYMENT_TARGET = 15.5;
				MARKETING_VERSION = 1.0;
				PRODUCT_BUNDLE_IDENTIFIER = "codepath.codepath-preworkTests";
				PRODUCT_NAME = "$(TARGET_NAME)";
				SWIFT_EMIT_LOC_STRINGS = NO;
				SWIFT_VERSION = 5.0;
				TARGETED_DEVICE_FAMILY = "1,2";
				TEST_HOST = "$(BUILT_PRODUCTS_DIR)/codepath-prework.app/codepath-prework";
			};
			name = Release;
		};
		266DBE8D289D139A00E3DB3C /* Debug */ = {
			isa = XCBuildConfiguration;
			buildSettings = {
				ALWAYS_EMBED_SWIFT_STANDARD_LIBRARIES = YES;
				CODE_SIGN_STYLE = Automatic;
				CURRENT_PROJECT_VERSION = 1;
				GENERATE_INFOPLIST_FILE = YES;
				MARKETING_VERSION = 1.0;
				PRODUCT_BUNDLE_IDENTIFIER = "codepath.codepath-preworkUITests";
				PRODUCT_NAME = "$(TARGET_NAME)";
				SWIFT_EMIT_LOC_STRINGS = NO;
				SWIFT_VERSION = 5.0;
				TARGETED_DEVICE_FAMILY = "1,2";
				TEST_TARGET_NAME = "codepath-prework";
			};
			name = Debug;
		};
		266DBE8E289D139A00E3DB3C /* Release */ = {
			isa = XCBuildConfiguration;
			buildSettings = {
				ALWAYS_EMBED_SWIFT_STANDARD_LIBRARIES = YES;
				CODE_SIGN_STYLE = Automatic;
				CURRENT_PROJECT_VERSION = 1;
				GENERATE_INFOPLIST_FILE = YES;
				MARKETING_VERSION = 1.0;
				PRODUCT_BUNDLE_IDENTIFIER = "codepath.codepath-preworkUITests";
				PRODUCT_NAME = "$(TARGET_NAME)";
				SWIFT_EMIT_LOC_STRINGS = NO;
				SWIFT_VERSION = 5.0;
				TARGETED_DEVICE_FAMILY = "1,2";
				TEST_TARGET_NAME = "codepath-prework";
			};
			name = Release;
		};
/* End XCBuildConfiguration section */

/* Begin XCConfigurationList section */
		266DBE57289D139900E3DB3C /* Build configuration list for PBXProject "codepath-prework" */ = {
			isa = XCConfigurationList;
			buildConfigurations = (
				266DBE84289D139A00E3DB3C /* Debug */,
				266DBE85289D139A00E3DB3C /* Release */,
			);
			defaultConfigurationIsVisible = 0;
			defaultConfigurationName = Release;
		};
		266DBE86289D139A00E3DB3C /* Build configuration list for PBXNativeTarget "codepath-prework" */ = {
			isa = XCConfigurationList;
			buildConfigurations = (
				266DBE87289D139A00E3DB3C /* Debug */,
				266DBE88289D139A00E3DB3C /* Release */,
			);
			defaultConfigurationIsVisible = 0;
			defaultConfigurationName = Release;
		};
		266DBE89289D139A00E3DB3C /* Build configuration list for PBXNativeTarget "codepath-preworkTests" */ = {
			isa = XCConfigurationList;
			buildConfigurations = (
				266DBE8A289D139A00E3DB3C /* Debug */,
				266DBE8B289D139A00E3DB3C /* Release */,
			);
			defaultConfigurationIsVisible = 0;
			defaultConfigurationName = Release;
		};
		266DBE8C289D139A00E3DB3C /* Build configuration list for PBXNativeTarget "codepath-preworkUITests" */ = {
			isa = XCConfigurationList;
			buildConfigurations = (
				266DBE8D289D139A00E3DB3C /* Debug */,
				266DBE8E289D139A00E3DB3C /* Release */,
			);
			defaultConfigurationIsVisible = 0;
			defaultConfigurationName = Release;
		};
/* End XCConfigurationList section */
	};
	rootObject = 266DBE54289D139900E3DB3C /* Project object */;
}
